
Microsoft Visual Studio Solution File, Format Version 12.00
# Visual Studio Version 17
VisualStudioVersion = 17.8.34309.116
MinimumVisualStudioVersion = 10.0.40219.1
Project("{9A19103F-16F7-4668-BE54-9A1E7A4F7556}") = "FunctionApp_6_0_Isolated", "FunctionApp_6_0_Isolated\FunctionApp_6_0_Isolated.csproj", "{77348F8A-4A73-4530-A929-F9AE341EB1D0}"
EndProject
Project("{9A19103F-16F7-4668-BE54-9A1E7A4F7556}") = "FunctionApp_6_0", "FunctionApp_6_0\FunctionApp_6_0.csproj", "{287C8814-B2A5-4CF3-B5ED-5487B62BC1CD}"
EndProject
Project("{FAE04EC0-301F-11D3-BF4B-00C04F79EFBC}") = "FunctionApp_8_0_Isolated", "FunctionApp_8_0_Isolated\FunctionApp_8_0_Isolated.csproj", "{B11D3832-7750-4A82-9189-665FCF2C826D}"
EndProject
Global
	GlobalSection(SolutionConfigurationPlatforms) = preSolution
		Debug|Any CPU = Debug|Any CPU
		Release|Any CPU = Release|Any CPU
	EndGlobalSection
	GlobalSection(ProjectConfigurationPlatforms) = postSolution
		{77348F8A-4A73-4530-A929-F9AE341EB1D0}.Debug|Any CPU.ActiveCfg = Debug|Any CPU
		{77348F8A-4A73-4530-A929-F9AE341EB1D0}.Debug|Any CPU.Build.0 = Debug|Any CPU
		{77348F8A-4A73-4530-A929-F9AE341EB1D0}.Release|Any CPU.ActiveCfg = Release|Any CPU
		{77348F8A-4A73-4530-A929-F9AE341EB1D0}.Release|Any CPU.Build.0 = Release|Any CPU
		{287C8814-B2A5-4CF3-B5ED-5487B62BC1CD}.Debug|Any CPU.ActiveCfg = Debug|Any CPU
		{287C8814-B2A5-4CF3-B5ED-5487B62BC1CD}.Debug|Any CPU.Build.0 = Debug|Any CPU
		{287C8814-B2A5-4CF3-B5ED-5487B62BC1CD}.Release|Any CPU.ActiveCfg = Release|Any CPU
		{287C8814-B2A5-4CF3-B5ED-5487B62BC1CD}.Release|Any CPU.Build.0 = Release|Any CPU
		{B11D3832-7750-4A82-9189-665FCF2C826D}.Debug|Any CPU.ActiveCfg = Debug|Any CPU
		{B11D3832-7750-4A82-9189-665FCF2C826D}.Debug|Any CPU.Build.0 = Debug|Any CPU
		{B11D3832-7750-4A82-9189-665FCF2C826D}.Release|Any CPU.ActiveCfg = Release|Any CPU
		{B11D3832-7750-4A82-9189-665FCF2C826D}.Release|Any CPU.Build.0 = Release|Any CPU
	EndGlobalSection
	GlobalSection(SolutionProperties) = preSolution
		HideSolutionNode = FALSE
	EndGlobalSection
	GlobalSection(ExtensibilityGlobals) = postSolution
		SolutionGuid = {FC147C52-D8BD-484C-AF99-BBC50A60F08A}
	EndGlobalSection
EndGlobal
